// !$*UTF8*$!
{
	archiveVersion = 1;
	classes = {
	};
	objectVersion = 55;
	objects = {

/* Begin PBXBuildFile section */
		EF2EE3AD2906DAF40045A51C /* UserProfilesRepository.swift in Sources */ = {isa = PBXBuildFile; fileRef = EF2EE3AC2906DAF40045A51C /* UserProfilesRepository.swift */; };
		EF2EE3AF2906DBFF0045A51C /* CommentsRepository.swift in Sources */ = {isa = PBXBuildFile; fileRef = EF2EE3AE2906DBFF0045A51C /* CommentsRepository.swift */; };
		EF2EE3B12906DCDD0045A51C /* ReactionsRepository.swift in Sources */ = {isa = PBXBuildFile; fileRef = EF2EE3B02906DCDD0045A51C /* ReactionsRepository.swift */; };
		EF2EE3B32908406D0045A51C /* SetupProfile.storyboard in Resources */ = {isa = PBXBuildFile; fileRef = EF2EE3B22908406D0045A51C /* SetupProfile.storyboard */; };
		EF2EE3B5290841100045A51C /* SetupProfileViewController.swift in Sources */ = {isa = PBXBuildFile; fileRef = EF2EE3B4290841100045A51C /* SetupProfileViewController.swift */; };
		EF58D68628EF540A00E24CD4 /* FirebaseFirestore in Frameworks */ = {isa = PBXBuildFile; productRef = EF58D68528EF540A00E24CD4 /* FirebaseFirestore */; };
		EF58D68828EF540A00E24CD4 /* FirebaseFirestoreCombine-Community in Frameworks */ = {isa = PBXBuildFile; productRef = EF58D68728EF540A00E24CD4 /* FirebaseFirestoreCombine-Community */; };
		EF58D68A28EF540A00E24CD4 /* FirebaseFirestoreSwift in Frameworks */ = {isa = PBXBuildFile; productRef = EF58D68928EF540A00E24CD4 /* FirebaseFirestoreSwift */; };
		EF58D68C28F5CDB100E24CD4 /* NewPostViewController.swift in Sources */ = {isa = PBXBuildFile; fileRef = EF58D68B28F5CDB100E24CD4 /* NewPostViewController.swift */; };
		EF76FCA228F7134E00314932 /* ResetPasswordViewController.swift in Sources */ = {isa = PBXBuildFile; fileRef = EF76FCA128F7134D00314932 /* ResetPasswordViewController.swift */; };
		EF776BF928E747CE0016CB5E /* EmailTextField.swift in Sources */ = {isa = PBXBuildFile; fileRef = EF776BF828E747CE0016CB5E /* EmailTextField.swift */; };
		EF776BFB28E74BBE0016CB5E /* PasswordTextField.swift in Sources */ = {isa = PBXBuildFile; fileRef = EF776BFA28E74BBE0016CB5E /* PasswordTextField.swift */; };
		EF776BFD28EC8B320016CB5E /* HomeViewController.swift in Sources */ = {isa = PBXBuildFile; fileRef = EF776BFC28EC8B320016CB5E /* HomeViewController.swift */; };
		EF776C0028EC9D3B0016CB5E /* PostsRepository.swift in Sources */ = {isa = PBXBuildFile; fileRef = EF776BFF28EC9D3B0016CB5E /* PostsRepository.swift */; };
		EF776C0428EDE6190016CB5E /* PostCell.xib in Resources */ = {isa = PBXBuildFile; fileRef = EF776C0228EDE6190016CB5E /* PostCell.xib */; };
		EF776C0528EDE6190016CB5E /* PostCell.swift in Sources */ = {isa = PBXBuildFile; fileRef = EF776C0328EDE6190016CB5E /* PostCell.swift */; };
		EF81A01128E210370029516D /* GoogleService-Info.plist in Resources */ = {isa = PBXBuildFile; fileRef = EF81A01028E210370029516D /* GoogleService-Info.plist */; };
		EF81A01428E212640029516D /* FirebaseAnalytics in Frameworks */ = {isa = PBXBuildFile; productRef = EF81A01328E212640029516D /* FirebaseAnalytics */; };
		EF81A01628E212640029516D /* FirebaseAuth in Frameworks */ = {isa = PBXBuildFile; productRef = EF81A01528E212640029516D /* FirebaseAuth */; };
		EF81A01828E34A2B0029516D /* RegistrationViewController.swift in Sources */ = {isa = PBXBuildFile; fileRef = EF81A01728E34A2B0029516D /* RegistrationViewController.swift */; };
		EF8A6FA9290C15AE00035E2E /* AlamofireImage in Frameworks */ = {isa = PBXBuildFile; productRef = EF8A6FA8290C15AE00035E2E /* AlamofireImage */; };
		EF8B60DD28DDE9D1003F906E /* AppDelegate.swift in Sources */ = {isa = PBXBuildFile; fileRef = EF8B60DC28DDE9D1003F906E /* AppDelegate.swift */; };
		EF8B60DF28DDE9D1003F906E /* SceneDelegate.swift in Sources */ = {isa = PBXBuildFile; fileRef = EF8B60DE28DDE9D1003F906E /* SceneDelegate.swift */; };
		EF8B60E128DDE9D1003F906E /* LogInViewController.swift in Sources */ = {isa = PBXBuildFile; fileRef = EF8B60E028DDE9D1003F906E /* LogInViewController.swift */; };
		EF8B60E428DDE9D1003F906E /* Main.storyboard in Resources */ = {isa = PBXBuildFile; fileRef = EF8B60E228DDE9D1003F906E /* Main.storyboard */; };
		EF8B60E628DDE9D9003F906E /* Assets.xcassets in Resources */ = {isa = PBXBuildFile; fileRef = EF8B60E528DDE9D9003F906E /* Assets.xcassets */; };
		EF8B60E928DDE9D9003F906E /* LaunchScreen.storyboard in Resources */ = {isa = PBXBuildFile; fileRef = EF8B60E728DDE9D9003F906E /* LaunchScreen.storyboard */; };
		EF8E88D328E1FF2300A70128 /* AuthenticationService.swift in Sources */ = {isa = PBXBuildFile; fileRef = EF8E88D228E1FF2300A70128 /* AuthenticationService.swift */; };
/* End PBXBuildFile section */

/* Begin PBXFileReference section */
		EF2EE3AC2906DAF40045A51C /* UserProfilesRepository.swift */ = {isa = PBXFileReference; lastKnownFileType = sourcecode.swift; path = UserProfilesRepository.swift; sourceTree = "<group>"; };
		EF2EE3AE2906DBFF0045A51C /* CommentsRepository.swift */ = {isa = PBXFileReference; lastKnownFileType = sourcecode.swift; path = CommentsRepository.swift; sourceTree = "<group>"; };
		EF2EE3B02906DCDD0045A51C /* ReactionsRepository.swift */ = {isa = PBXFileReference; lastKnownFileType = sourcecode.swift; path = ReactionsRepository.swift; sourceTree = "<group>"; };
		EF2EE3B22908406D0045A51C /* SetupProfile.storyboard */ = {isa = PBXFileReference; lastKnownFileType = file.storyboard; path = SetupProfile.storyboard; sourceTree = "<group>"; };
		EF2EE3B4290841100045A51C /* SetupProfileViewController.swift */ = {isa = PBXFileReference; lastKnownFileType = sourcecode.swift; path = SetupProfileViewController.swift; sourceTree = "<group>"; };
		EF58D68B28F5CDB100E24CD4 /* NewPostViewController.swift */ = {isa = PBXFileReference; lastKnownFileType = sourcecode.swift; path = NewPostViewController.swift; sourceTree = "<group>"; };
		EF76FCA128F7134D00314932 /* ResetPasswordViewController.swift */ = {isa = PBXFileReference; lastKnownFileType = sourcecode.swift; path = ResetPasswordViewController.swift; sourceTree = "<group>"; };
		EF776BF828E747CE0016CB5E /* EmailTextField.swift */ = {isa = PBXFileReference; lastKnownFileType = sourcecode.swift; path = EmailTextField.swift; sourceTree = "<group>"; };
		EF776BFA28E74BBE0016CB5E /* PasswordTextField.swift */ = {isa = PBXFileReference; lastKnownFileType = sourcecode.swift; path = PasswordTextField.swift; sourceTree = "<group>"; };
		EF776BFC28EC8B320016CB5E /* HomeViewController.swift */ = {isa = PBXFileReference; lastKnownFileType = sourcecode.swift; path = HomeViewController.swift; sourceTree = "<group>"; };
		EF776BFF28EC9D3B0016CB5E /* PostsRepository.swift */ = {isa = PBXFileReference; lastKnownFileType = sourcecode.swift; path = PostsRepository.swift; sourceTree = "<group>"; };
		EF776C0228EDE6190016CB5E /* PostCell.xib */ = {isa = PBXFileReference; lastKnownFileType = file.xib; path = PostCell.xib; sourceTree = "<group>"; };
		EF776C0328EDE6190016CB5E /* PostCell.swift */ = {isa = PBXFileReference; lastKnownFileType = sourcecode.swift; path = PostCell.swift; sourceTree = "<group>"; };
		EF81A01028E210370029516D /* GoogleService-Info.plist */ = {isa = PBXFileReference; fileEncoding = 4; lastKnownFileType = text.plist.xml; path = "GoogleService-Info.plist"; sourceTree = "<group>"; };
		EF81A01728E34A2B0029516D /* RegistrationViewController.swift */ = {isa = PBXFileReference; lastKnownFileType = sourcecode.swift; path = RegistrationViewController.swift; sourceTree = "<group>"; };
		EF8B60D928DDE9D1003F906E /* SimpleLoginVC.app */ = {isa = PBXFileReference; explicitFileType = wrapper.application; includeInIndex = 0; path = SimpleLoginVC.app; sourceTree = BUILT_PRODUCTS_DIR; };
		EF8B60DC28DDE9D1003F906E /* AppDelegate.swift */ = {isa = PBXFileReference; lastKnownFileType = sourcecode.swift; path = AppDelegate.swift; sourceTree = "<group>"; };
		EF8B60DE28DDE9D1003F906E /* SceneDelegate.swift */ = {isa = PBXFileReference; lastKnownFileType = sourcecode.swift; path = SceneDelegate.swift; sourceTree = "<group>"; };
		EF8B60E028DDE9D1003F906E /* LogInViewController.swift */ = {isa = PBXFileReference; lastKnownFileType = sourcecode.swift; path = LogInViewController.swift; sourceTree = "<group>"; };
		EF8B60E328DDE9D1003F906E /* Base */ = {isa = PBXFileReference; lastKnownFileType = file.storyboard; name = Base; path = Base.lproj/Main.storyboard; sourceTree = "<group>"; };
		EF8B60E528DDE9D9003F906E /* Assets.xcassets */ = {isa = PBXFileReference; lastKnownFileType = folder.assetcatalog; path = Assets.xcassets; sourceTree = "<group>"; };
		EF8B60E828DDE9D9003F906E /* Base */ = {isa = PBXFileReference; lastKnownFileType = file.storyboard; name = Base; path = Base.lproj/LaunchScreen.storyboard; sourceTree = "<group>"; };
		EF8B60EA28DDE9D9003F906E /* Info.plist */ = {isa = PBXFileReference; lastKnownFileType = text.plist.xml; path = Info.plist; sourceTree = "<group>"; };
		EF8E88D228E1FF2300A70128 /* AuthenticationService.swift */ = {isa = PBXFileReference; lastKnownFileType = sourcecode.swift; path = AuthenticationService.swift; sourceTree = "<group>"; };
/* End PBXFileReference section */

/* Begin PBXFrameworksBuildPhase section */
		EF8B60D628DDE9D1003F906E /* Frameworks */ = {
			isa = PBXFrameworksBuildPhase;
			buildActionMask = 2147483647;
			files = (
				EF58D68A28EF540A00E24CD4 /* FirebaseFirestoreSwift in Frameworks */,
				EF81A01428E212640029516D /* FirebaseAnalytics in Frameworks */,
				EF58D68828EF540A00E24CD4 /* FirebaseFirestoreCombine-Community in Frameworks */,
				EF81A01628E212640029516D /* FirebaseAuth in Frameworks */,
				EF58D68628EF540A00E24CD4 /* FirebaseFirestore in Frameworks */,
				EF8A6FA9290C15AE00035E2E /* AlamofireImage in Frameworks */,
			);
			runOnlyForDeploymentPostprocessing = 0;
		};
/* End PBXFrameworksBuildPhase section */

/* Begin PBXGroup section */
		EF776BF728E747AD0016CB5E /* Views */ = {
			isa = PBXGroup;
			children = (
				EF776BF828E747CE0016CB5E /* EmailTextField.swift */,
				EF776BFA28E74BBE0016CB5E /* PasswordTextField.swift */,
			);
			path = Views;
			sourceTree = "<group>";
		};
		EF776BFE28EC9D040016CB5E /* Repositories */ = {
			isa = PBXGroup;
			children = (
				EF776BFF28EC9D3B0016CB5E /* PostsRepository.swift */,
				EF2EE3AC2906DAF40045A51C /* UserProfilesRepository.swift */,
				EF2EE3AE2906DBFF0045A51C /* CommentsRepository.swift */,
				EF2EE3B02906DCDD0045A51C /* ReactionsRepository.swift */,
			);
			path = Repositories;
			sourceTree = "<group>";
		};
		EF776C0128EDE5C40016CB5E /* Cells */ = {
			isa = PBXGroup;
			children = (
				EF776C0228EDE6190016CB5E /* PostCell.xib */,
				EF776C0328EDE6190016CB5E /* PostCell.swift */,
			);
			path = Cells;
			sourceTree = "<group>";
		};
		EF8B60D028DDE9D1003F906E = {
			isa = PBXGroup;
			children = (
				EF8B60DB28DDE9D1003F906E /* SimpleLoginVC */,
				EF8B60DA28DDE9D1003F906E /* Products */,
			);
			sourceTree = "<group>";
		};
		EF8B60DA28DDE9D1003F906E /* Products */ = {
			isa = PBXGroup;
			children = (
				EF8B60D928DDE9D1003F906E /* SimpleLoginVC.app */,
			);
			name = Products;
			sourceTree = "<group>";
		};
		EF8B60DB28DDE9D1003F906E /* SimpleLoginVC */ = {
			isa = PBXGroup;
			children = (
				EF776C0128EDE5C40016CB5E /* Cells */,
				EF776BFE28EC9D040016CB5E /* Repositories */,
				EF776BF728E747AD0016CB5E /* Views */,
				EF8E88D128E1FECA00A70128 /* Services */,
				EF8B60F028DDF84A003F906E /* Screens */,
				EF8B60DC28DDE9D1003F906E /* AppDelegate.swift */,
				EF8B60DE28DDE9D1003F906E /* SceneDelegate.swift */,
				EF8B60E228DDE9D1003F906E /* Main.storyboard */,
				EF8B60E528DDE9D9003F906E /* Assets.xcassets */,
				EF8B60E728DDE9D9003F906E /* LaunchScreen.storyboard */,
				EF8B60EA28DDE9D9003F906E /* Info.plist */,
				EF81A01028E210370029516D /* GoogleService-Info.plist */,
			);
			path = SimpleLoginVC;
			sourceTree = "<group>";
		};
		EF8B60F028DDF84A003F906E /* Screens */ = {
			isa = PBXGroup;
			children = (
				EF8B60E028DDE9D1003F906E /* LogInViewController.swift */,
				EF81A01728E34A2B0029516D /* RegistrationViewController.swift */,
				EF776BFC28EC8B320016CB5E /* HomeViewController.swift */,
				EF58D68B28F5CDB100E24CD4 /* NewPostViewController.swift */,
				EF76FCA128F7134D00314932 /* ResetPasswordViewController.swift */,
				EF2EE3B22908406D0045A51C /* SetupProfile.storyboard */,
				EF2EE3B4290841100045A51C /* SetupProfileViewController.swift */,
			);
			path = Screens;
			sourceTree = "<group>";
		};
		EF8E88D128E1FECA00A70128 /* Services */ = {
			isa = PBXGroup;
			children = (
				EF8E88D228E1FF2300A70128 /* AuthenticationService.swift */,
			);
			path = Services;
			sourceTree = "<group>";
		};
/* End PBXGroup section */

/* Begin PBXNativeTarget section */
		EF8B60D828DDE9D1003F906E /* SimpleLoginVC */ = {
			isa = PBXNativeTarget;
			buildConfigurationList = EF8B60ED28DDE9D9003F906E /* Build configuration list for PBXNativeTarget "SimpleLoginVC" */;
			buildPhases = (
				EF58D68328EF2E5000E24CD4 /* Lint Sources */,
				EF8B60D528DDE9D1003F906E /* Sources */,
				EF8B60D628DDE9D1003F906E /* Frameworks */,
				EF8B60D728DDE9D1003F906E /* Resources */,
			);
			buildRules = (
			);
			dependencies = (
			);
			name = SimpleLoginVC;
			packageProductDependencies = (
				EF81A01328E212640029516D /* FirebaseAnalytics */,
				EF81A01528E212640029516D /* FirebaseAuth */,
				EF58D68528EF540A00E24CD4 /* FirebaseFirestore */,
				EF58D68728EF540A00E24CD4 /* FirebaseFirestoreCombine-Community */,
				EF58D68928EF540A00E24CD4 /* FirebaseFirestoreSwift */,
				EF8A6FA8290C15AE00035E2E /* AlamofireImage */,
			);
			productName = SimpleLoginVC;
			productReference = EF8B60D928DDE9D1003F906E /* SimpleLoginVC.app */;
			productType = "com.apple.product-type.application";
		};
/* End PBXNativeTarget section */

/* Begin PBXProject section */
		EF8B60D128DDE9D1003F906E /* Project object */ = {
			isa = PBXProject;
			attributes = {
				BuildIndependentTargetsInParallel = 1;
				LastSwiftUpdateCheck = 1330;
				LastUpgradeCheck = 1330;
				TargetAttributes = {
					EF8B60D828DDE9D1003F906E = {
						CreatedOnToolsVersion = 13.3.1;
					};
				};
			};
			buildConfigurationList = EF8B60D428DDE9D1003F906E /* Build configuration list for PBXProject "SimpleLoginVC" */;
			compatibilityVersion = "Xcode 13.0";
			developmentRegion = en;
			hasScannedForEncodings = 0;
			knownRegions = (
				en,
				Base,
			);
			mainGroup = EF8B60D028DDE9D1003F906E;
			packageReferences = (
				EF81A01228E212640029516D /* XCRemoteSwiftPackageReference "firebase-ios-sdk" */,
				EF58D68428EF540A00E24CD4 /* XCRemoteSwiftPackageReference "firebase-ios-sdk" */,
				EF8A6FA7290C15AD00035E2E /* XCRemoteSwiftPackageReference "AlamofireImage" */,
			);
			productRefGroup = EF8B60DA28DDE9D1003F906E /* Products */;
			projectDirPath = "";
			projectRoot = "";
			targets = (
				EF8B60D828DDE9D1003F906E /* SimpleLoginVC */,
			);
		};
/* End PBXProject section */

/* Begin PBXResourcesBuildPhase section */
		EF8B60D728DDE9D1003F906E /* Resources */ = {
			isa = PBXResourcesBuildPhase;
			buildActionMask = 2147483647;
			files = (
				EF2EE3B32908406D0045A51C /* SetupProfile.storyboard in Resources */,
				EF8B60E928DDE9D9003F906E /* LaunchScreen.storyboard in Resources */,
				EF8B60E628DDE9D9003F906E /* Assets.xcassets in Resources */,
				EF776C0428EDE6190016CB5E /* PostCell.xib in Resources */,
				EF8B60E428DDE9D1003F906E /* Main.storyboard in Resources */,
				EF81A01128E210370029516D /* GoogleService-Info.plist in Resources */,
			);
			runOnlyForDeploymentPostprocessing = 0;
		};
/* End PBXResourcesBuildPhase section */

/* Begin PBXShellScriptBuildPhase section */
		EF58D68328EF2E5000E24CD4 /* Lint Sources */ = {
			isa = PBXShellScriptBuildPhase;
			buildActionMask = 2147483647;
			files = (
			);
			inputFileListPaths = (
			);
			inputPaths = (
			);
			name = "Lint Sources";
			outputFileListPaths = (
			);
			outputPaths = (
			);
			runOnlyForDeploymentPostprocessing = 0;
			shellPath = /bin/sh;
			shellScript = "if which swiftlint >/dev/null; then\n  swiftlint\nelse\n  echo \"warning: SwiftLint not installed, download from https://github.com/realm/SwiftLint\"\nfi\n";
		};
/* End PBXShellScriptBuildPhase section */

/* Begin PBXSourcesBuildPhase section */
		EF8B60D528DDE9D1003F906E /* Sources */ = {
			isa = PBXSourcesBuildPhase;
			buildActionMask = 2147483647;
			files = (
				EF58D68C28F5CDB100E24CD4 /* NewPostViewController.swift in Sources */,
				EF8B60E128DDE9D1003F906E /* LogInViewController.swift in Sources */,
				EF8B60DD28DDE9D1003F906E /* AppDelegate.swift in Sources */,
				EF76FCA228F7134E00314932 /* ResetPasswordViewController.swift in Sources */,
				EF776BFB28E74BBE0016CB5E /* PasswordTextField.swift in Sources */,
				EF2EE3AF2906DBFF0045A51C /* CommentsRepository.swift in Sources */,
				EF2EE3B12906DCDD0045A51C /* ReactionsRepository.swift in Sources */,
				EF776BFD28EC8B320016CB5E /* HomeViewController.swift in Sources */,
				EF2EE3B5290841100045A51C /* SetupProfileViewController.swift in Sources */,
				EF776BF928E747CE0016CB5E /* EmailTextField.swift in Sources */,
				EF8B60DF28DDE9D1003F906E /* SceneDelegate.swift in Sources */,
				EF2EE3AD2906DAF40045A51C /* UserProfilesRepository.swift in Sources */,
				EF8E88D328E1FF2300A70128 /* AuthenticationService.swift in Sources */,
				EF776C0028EC9D3B0016CB5E /* PostsRepository.swift in Sources */,
				EF81A01828E34A2B0029516D /* RegistrationViewController.swift in Sources */,
				EF776C0528EDE6190016CB5E /* PostCell.swift in Sources */,
			);
			runOnlyForDeploymentPostprocessing = 0;
		};
/* End PBXSourcesBuildPhase section */

/* Begin PBXVariantGroup section */
		EF8B60E228DDE9D1003F906E /* Main.storyboard */ = {
			isa = PBXVariantGroup;
			children = (
				EF8B60E328DDE9D1003F906E /* Base */,
			);
			name = Main.storyboard;
			sourceTree = "<group>";
		};
		EF8B60E728DDE9D9003F906E /* LaunchScreen.storyboard */ = {
			isa = PBXVariantGroup;
			children = (
				EF8B60E828DDE9D9003F906E /* Base */,
			);
			name = LaunchScreen.storyboard;
			sourceTree = "<group>";
		};
/* End PBXVariantGroup section */

/* Begin XCBuildConfiguration section */
		EF8B60EB28DDE9D9003F906E /* Debug */ = {
			isa = XCBuildConfiguration;
			buildSettings = {
				ALWAYS_SEARCH_USER_PATHS = NO;
				CLANG_ANALYZER_NONNULL = YES;
				CLANG_ANALYZER_NUMBER_OBJECT_CONVERSION = YES_AGGRESSIVE;
				CLANG_CXX_LANGUAGE_STANDARD = "gnu++17";
				CLANG_ENABLE_MODULES = YES;
				CLANG_ENABLE_OBJC_ARC = YES;
				CLANG_ENABLE_OBJC_WEAK = YES;
				CLANG_WARN_BLOCK_CAPTURE_AUTORELEASING = YES;
				CLANG_WARN_BOOL_CONVERSION = YES;
				CLANG_WARN_COMMA = YES;
				CLANG_WARN_CONSTANT_CONVERSION = YES;
				CLANG_WARN_DEPRECATED_OBJC_IMPLEMENTATIONS = YES;
				CLANG_WARN_DIRECT_OBJC_ISA_USAGE = YES_ERROR;
				CLANG_WARN_DOCUMENTATION_COMMENTS = YES;
				CLANG_WARN_EMPTY_BODY = YES;
				CLANG_WARN_ENUM_CONVERSION = YES;
				CLANG_WARN_INFINITE_RECURSION = YES;
				CLANG_WARN_INT_CONVERSION = YES;
				CLANG_WARN_NON_LITERAL_NULL_CONVERSION = YES;
				CLANG_WARN_OBJC_IMPLICIT_RETAIN_SELF = YES;
				CLANG_WARN_OBJC_LITERAL_CONVERSION = YES;
				CLANG_WARN_OBJC_ROOT_CLASS = YES_ERROR;
				CLANG_WARN_QUOTED_INCLUDE_IN_FRAMEWORK_HEADER = YES;
				CLANG_WARN_RANGE_LOOP_ANALYSIS = YES;
				CLANG_WARN_STRICT_PROTOTYPES = YES;
				CLANG_WARN_SUSPICIOUS_MOVE = YES;
				CLANG_WARN_UNGUARDED_AVAILABILITY = YES_AGGRESSIVE;
				CLANG_WARN_UNREACHABLE_CODE = YES;
				CLANG_WARN__DUPLICATE_METHOD_MATCH = YES;
				COPY_PHASE_STRIP = NO;
				DEBUG_INFORMATION_FORMAT = dwarf;
				ENABLE_STRICT_OBJC_MSGSEND = YES;
				ENABLE_TESTABILITY = YES;
				GCC_C_LANGUAGE_STANDARD = gnu11;
				GCC_DYNAMIC_NO_PIC = NO;
				GCC_NO_COMMON_BLOCKS = YES;
				GCC_OPTIMIZATION_LEVEL = 0;
				GCC_PREPROCESSOR_DEFINITIONS = (
					"DEBUG=1",
					"$(inherited)",
				);
				GCC_WARN_64_TO_32_BIT_CONVERSION = YES;
				GCC_WARN_ABOUT_RETURN_TYPE = YES_ERROR;
				GCC_WARN_UNDECLARED_SELECTOR = YES;
				GCC_WARN_UNINITIALIZED_AUTOS = YES_AGGRESSIVE;
				GCC_WARN_UNUSED_FUNCTION = YES;
				GCC_WARN_UNUSED_VARIABLE = YES;
				IPHONEOS_DEPLOYMENT_TARGET = 15.4;
				MTL_ENABLE_DEBUG_INFO = INCLUDE_SOURCE;
				MTL_FAST_MATH = YES;
				ONLY_ACTIVE_ARCH = YES;
				SDKROOT = iphoneos;
				SWIFT_ACTIVE_COMPILATION_CONDITIONS = DEBUG;
				SWIFT_OPTIMIZATION_LEVEL = "-Onone";
			};
			name = Debug;
		};
		EF8B60EC28DDE9D9003F906E /* Release */ = {
			isa = XCBuildConfiguration;
			buildSettings = {
				ALWAYS_SEARCH_USER_PATHS = NO;
				CLANG_ANALYZER_NONNULL = YES;
				CLANG_ANALYZER_NUMBER_OBJECT_CONVERSION = YES_AGGRESSIVE;
				CLANG_CXX_LANGUAGE_STANDARD = "gnu++17";
				CLANG_ENABLE_MODULES = YES;
				CLANG_ENABLE_OBJC_ARC = YES;
				CLANG_ENABLE_OBJC_WEAK = YES;
				CLANG_WARN_BLOCK_CAPTURE_AUTORELEASING = YES;
				CLANG_WARN_BOOL_CONVERSION = YES;
				CLANG_WARN_COMMA = YES;
				CLANG_WARN_CONSTANT_CONVERSION = YES;
				CLANG_WARN_DEPRECATED_OBJC_IMPLEMENTATIONS = YES;
				CLANG_WARN_DIRECT_OBJC_ISA_USAGE = YES_ERROR;
				CLANG_WARN_DOCUMENTATION_COMMENTS = YES;
				CLANG_WARN_EMPTY_BODY = YES;
				CLANG_WARN_ENUM_CONVERSION = YES;
				CLANG_WARN_INFINITE_RECURSION = YES;
				CLANG_WARN_INT_CONVERSION = YES;
				CLANG_WARN_NON_LITERAL_NULL_CONVERSION = YES;
				CLANG_WARN_OBJC_IMPLICIT_RETAIN_SELF = YES;
				CLANG_WARN_OBJC_LITERAL_CONVERSION = YES;
				CLANG_WARN_OBJC_ROOT_CLASS = YES_ERROR;
				CLANG_WARN_QUOTED_INCLUDE_IN_FRAMEWORK_HEADER = YES;
				CLANG_WARN_RANGE_LOOP_ANALYSIS = YES;
				CLANG_WARN_STRICT_PROTOTYPES = YES;
				CLANG_WARN_SUSPICIOUS_MOVE = YES;
				CLANG_WARN_UNGUARDED_AVAILABILITY = YES_AGGRESSIVE;
				CLANG_WARN_UNREACHABLE_CODE = YES;
				CLANG_WARN__DUPLICATE_METHOD_MATCH = YES;
				COPY_PHASE_STRIP = NO;
				DEBUG_INFORMATION_FORMAT = "dwarf-with-dsym";
				ENABLE_NS_ASSERTIONS = NO;
				ENABLE_STRICT_OBJC_MSGSEND = YES;
				GCC_C_LANGUAGE_STANDARD = gnu11;
				GCC_NO_COMMON_BLOCKS = YES;
				GCC_WARN_64_TO_32_BIT_CONVERSION = YES;
				GCC_WARN_ABOUT_RETURN_TYPE = YES_ERROR;
				GCC_WARN_UNDECLARED_SELECTOR = YES;
				GCC_WARN_UNINITIALIZED_AUTOS = YES_AGGRESSIVE;
				GCC_WARN_UNUSED_FUNCTION = YES;
				GCC_WARN_UNUSED_VARIABLE = YES;
				IPHONEOS_DEPLOYMENT_TARGET = 15.4;
				MTL_ENABLE_DEBUG_INFO = NO;
				MTL_FAST_MATH = YES;
				SDKROOT = iphoneos;
				SWIFT_COMPILATION_MODE = wholemodule;
				SWIFT_OPTIMIZATION_LEVEL = "-O";
				VALIDATE_PRODUCT = YES;
			};
			name = Release;
		};
		EF8B60EE28DDE9D9003F906E /* Debug */ = {
			isa = XCBuildConfiguration;
			buildSettings = {
				ASSETCATALOG_COMPILER_APPICON_NAME = AppIcon;
				ASSETCATALOG_COMPILER_GLOBAL_ACCENT_COLOR_NAME = AccentColor;
				CODE_SIGN_STYLE = Automatic;
				CURRENT_PROJECT_VERSION = 1;
				DEVELOPMENT_TEAM = JWJXRX98SF;
				GENERATE_INFOPLIST_FILE = YES;
				INFOPLIST_FILE = SimpleLoginVC/Info.plist;
				INFOPLIST_KEY_UIApplicationSupportsIndirectInputEvents = YES;
				INFOPLIST_KEY_UILaunchStoryboardName = LaunchScreen;
				INFOPLIST_KEY_UIMainStoryboardFile = Main;
				INFOPLIST_KEY_UISupportedInterfaceOrientations = UIInterfaceOrientationPortrait;
				INFOPLIST_KEY_UISupportedInterfaceOrientations_iPad = "UIInterfaceOrientationPortrait UIInterfaceOrientationPortraitUpsideDown UIInterfaceOrientationLandscapeLeft UIInterfaceOrientationLandscapeRight";
				INFOPLIST_KEY_UISupportedInterfaceOrientations_iPhone = "UIInterfaceOrientationPortrait UIInterfaceOrientationLandscapeLeft UIInterfaceOrientationLandscapeRight";
				LD_RUNPATH_SEARCH_PATHS = (
					"$(inherited)",
					"@executable_path/Frameworks",
				);
				MARKETING_VERSION = 1.0;
				PRODUCT_BUNDLE_IDENTIFIER = coldyzz.dev.SimpleLoginVC;
				PRODUCT_NAME = "$(TARGET_NAME)";
				SWIFT_EMIT_LOC_STRINGS = YES;
				SWIFT_VERSION = 5.0;
				TARGETED_DEVICE_FAMILY = 1;
			};
			name = Debug;
		};
		EF8B60EF28DDE9D9003F906E /* Release */ = {
			isa = XCBuildConfiguration;
			buildSettings = {
				ASSETCATALOG_COMPILER_APPICON_NAME = AppIcon;
				ASSETCATALOG_COMPILER_GLOBAL_ACCENT_COLOR_NAME = AccentColor;
				CODE_SIGN_STYLE = Automatic;
				CURRENT_PROJECT_VERSION = 1;
				DEVELOPMENT_TEAM = JWJXRX98SF;
				GENERATE_INFOPLIST_FILE = YES;
				INFOPLIST_FILE = SimpleLoginVC/Info.plist;
				INFOPLIST_KEY_UIApplicationSupportsIndirectInputEvents = YES;
				INFOPLIST_KEY_UILaunchStoryboardName = LaunchScreen;
				INFOPLIST_KEY_UIMainStoryboardFile = Main;
				INFOPLIST_KEY_UISupportedInterfaceOrientations = UIInterfaceOrientationPortrait;
				INFOPLIST_KEY_UISupportedInterfaceOrientations_iPad = "UIInterfaceOrientationPortrait UIInterfaceOrientationPortraitUpsideDown UIInterfaceOrientationLandscapeLeft UIInterfaceOrientationLandscapeRight";
				INFOPLIST_KEY_UISupportedInterfaceOrientations_iPhone = "UIInterfaceOrientationPortrait UIInterfaceOrientationLandscapeLeft UIInterfaceOrientationLandscapeRight";
				LD_RUNPATH_SEARCH_PATHS = (
					"$(inherited)",
					"@executable_path/Frameworks",
				);
				MARKETING_VERSION = 1.0;
				PRODUCT_BUNDLE_IDENTIFIER = coldyzz.dev.SimpleLoginVC;
				PRODUCT_NAME = "$(TARGET_NAME)";
				SWIFT_EMIT_LOC_STRINGS = YES;
				SWIFT_VERSION = 5.0;
				TARGETED_DEVICE_FAMILY = 1;
			};
			name = Release;
		};
/* End XCBuildConfiguration section */

/* Begin XCConfigurationList section */
		EF8B60D428DDE9D1003F906E /* Build configuration list for PBXProject "SimpleLoginVC" */ = {
			isa = XCConfigurationList;
			buildConfigurations = (
				EF8B60EB28DDE9D9003F906E /* Debug */,
				EF8B60EC28DDE9D9003F906E /* Release */,
			);
			defaultConfigurationIsVisible = 0;
			defaultConfigurationName = Release;
		};
		EF8B60ED28DDE9D9003F906E /* Build configuration list for PBXNativeTarget "SimpleLoginVC" */ = {
			isa = XCConfigurationList;
			buildConfigurations = (
				EF8B60EE28DDE9D9003F906E /* Debug */,
				EF8B60EF28DDE9D9003F906E /* Release */,
			);
			defaultConfigurationIsVisible = 0;
			defaultConfigurationName = Release;
		};
/* End XCConfigurationList section */

/* Begin XCRemoteSwiftPackageReference section */
		EF58D68428EF540A00E24CD4 /* XCRemoteSwiftPackageReference "firebase-ios-sdk" */ = {
			isa = XCRemoteSwiftPackageReference;
			repositoryURL = "https://github.com/firebase/firebase-ios-sdk";
			requirement = {
				branch = master;
				kind = branch;
			};
		};
		EF81A01228E212640029516D /* XCRemoteSwiftPackageReference "firebase-ios-sdk" */ = {
			isa = XCRemoteSwiftPackageReference;
			repositoryURL = "https://github.com/firebase/firebase-ios-sdk";
			requirement = {
				branch = master;
				kind = branch;
			};
		};
		EF8A6FA7290C15AD00035E2E /* XCRemoteSwiftPackageReference "AlamofireImage" */ = {
			isa = XCRemoteSwiftPackageReference;
			repositoryURL = "https://github.com/Alamofire/AlamofireImage";
			requirement = {
				branch = master;
				kind = branch;
			};
		};
/* End XCRemoteSwiftPackageReference section */

/* Begin XCSwiftPackageProductDependency section */
		EF58D68528EF540A00E24CD4 /* FirebaseFirestore */ = {
			isa = XCSwiftPackageProductDependency;
			package = EF81A01228E212640029516D /* XCRemoteSwiftPackageReference "firebase-ios-sdk" */;
			productName = FirebaseFirestore;
		};
		EF58D68728EF540A00E24CD4 /* FirebaseFirestoreCombine-Community */ = {
			isa = XCSwiftPackageProductDependency;
			package = EF81A01228E212640029516D /* XCRemoteSwiftPackageReference "firebase-ios-sdk" */;
			productName = "FirebaseFirestoreCombine-Community";
		};
		EF58D68928EF540A00E24CD4 /* FirebaseFirestoreSwift */ = {
			isa = XCSwiftPackageProductDependency;
			package = EF81A01228E212640029516D /* XCRemoteSwiftPackageReference "firebase-ios-sdk" */;
			productName = FirebaseFirestoreSwift;
		};
		EF81A01328E212640029516D /* FirebaseAnalytics */ = {
			isa = XCSwiftPackageProductDependency;
			package = EF81A01228E212640029516D /* XCRemoteSwiftPackageReference "firebase-ios-sdk" */;
			productName = FirebaseAnalytics;
		};
		EF81A01528E212640029516D /* FirebaseAuth */ = {
			isa = XCSwiftPackageProductDependency;
			package = EF81A01228E212640029516D /* XCRemoteSwiftPackageReference "firebase-ios-sdk" */;
			productName = FirebaseAuth;
		};
		EF8A6FA8290C15AE00035E2E /* AlamofireImage */ = {
			isa = XCSwiftPackageProductDependency;
			package = EF8A6FA7290C15AD00035E2E /* XCRemoteSwiftPackageReference "AlamofireImage" */;
			productName = AlamofireImage;
		};
/* End XCSwiftPackageProductDependency section */
	};
	rootObject = EF8B60D128DDE9D1003F906E /* Project object */;
}
